// !$*UTF8*$!
{
	archiveVersion = 1;
	classes = {
	};
	objectVersion = 46;
	objects = {

/* Begin PBXBuildFile section */
		E69079801B665579008434A5 /* Array+Shuffling.swift in Sources */ = {isa = PBXBuildFile; fileRef = E690797F1B665579008434A5 /* Array+Shuffling.swift */; };
		E69C1B1B1B65A12100E49C1D /* AppDelegate.swift in Sources */ = {isa = PBXBuildFile; fileRef = E69C1B1A1B65A12100E49C1D /* AppDelegate.swift */; };
		E69C1B1D1B65A12100E49C1D /* MasterViewController.swift in Sources */ = {isa = PBXBuildFile; fileRef = E69C1B1C1B65A12100E49C1D /* MasterViewController.swift */; };
		E69C1B1F1B65A12100E49C1D /* DetailViewController.swift in Sources */ = {isa = PBXBuildFile; fileRef = E69C1B1E1B65A12100E49C1D /* DetailViewController.swift */; };
		E69C1B221B65A12100E49C1D /* Main.storyboard in Resources */ = {isa = PBXBuildFile; fileRef = E69C1B201B65A12100E49C1D /* Main.storyboard */; };
		E69C1B241B65A12100E49C1D /* Assets.xcassets in Resources */ = {isa = PBXBuildFile; fileRef = E69C1B231B65A12100E49C1D /* Assets.xcassets */; };
		E69C1B271B65A12100E49C1D /* LaunchScreen.storyboard in Resources */ = {isa = PBXBuildFile; fileRef = E69C1B251B65A12100E49C1D /* LaunchScreen.storyboard */; };
		E69C1B2F1B65A1F300E49C1D /* start.txt in Resources */ = {isa = PBXBuildFile; fileRef = E69C1B2E1B65A1F300E49C1D /* start.txt */; };
/* End PBXBuildFile section */

/* Begin PBXFileReference section */
		E690797F1B665579008434A5 /* Array+Shuffling.swift */ = {isa = PBXFileReference; fileEncoding = 4; lastKnownFileType = sourcecode.swift; path = "Array+Shuffling.swift"; sourceTree = "<group>"; };
		E69079811B6686B0008434A5 /* 1.png */ = {isa = PBXFileReference; lastKnownFileType = image.png; path = 1.png; sourceTree = "<group>"; };
		E69079821B6686B9008434A5 /* 2.png */ = {isa = PBXFileReference; lastKnownFileType = image.png; path = 2.png; sourceTree = "<group>"; };
		E69079831B6686D4008434A5 /* 5.png */ = {isa = PBXFileReference; lastKnownFileType = image.png; path = 5.png; sourceTree = "<group>"; };
		E69079841B6686D4008434A5 /* 4.png */ = {isa = PBXFileReference; lastKnownFileType = image.png; path = 4.png; sourceTree = "<group>"; };
		E69079851B6686D4008434A5 /* 3.png */ = {isa = PBXFileReference; lastKnownFileType = image.png; path = 3.png; sourceTree = "<group>"; };
		E69079861B66871F008434A5 /* README.md */ = {isa = PBXFileReference; lastKnownFileType = net.daringfireball.markdown; path = README.md; sourceTree = "<group>"; };
		E69C1B171B65A12100E49C1D /* Anagrams.app */ = {isa = PBXFileReference; explicitFileType = wrapper.application; includeInIndex = 0; path = Anagrams.app; sourceTree = BUILT_PRODUCTS_DIR; };
		E69C1B1A1B65A12100E49C1D /* AppDelegate.swift */ = {isa = PBXFileReference; lastKnownFileType = sourcecode.swift; path = AppDelegate.swift; sourceTree = "<group>"; };
		E69C1B1C1B65A12100E49C1D /* MasterViewController.swift */ = {isa = PBXFileReference; lastKnownFileType = sourcecode.swift; path = MasterViewController.swift; sourceTree = "<group>"; };
		E69C1B1E1B65A12100E49C1D /* DetailViewController.swift */ = {isa = PBXFileReference; lastKnownFileType = sourcecode.swift; path = DetailViewController.swift; sourceTree = "<group>"; };
		E69C1B211B65A12100E49C1D /* Base */ = {isa = PBXFileReference; lastKnownFileType = file.storyboard; name = Base; path = Base.lproj/Main.storyboard; sourceTree = "<group>"; };
		E69C1B231B65A12100E49C1D /* Assets.xcassets */ = {isa = PBXFileReference; lastKnownFileType = folder.assetcatalog; path = Assets.xcassets; sourceTree = "<group>"; };
		E69C1B261B65A12100E49C1D /* Base */ = {isa = PBXFileReference; lastKnownFileType = file.storyboard; name = Base; path = Base.lproj/LaunchScreen.storyboard; sourceTree = "<group>"; };
		E69C1B281B65A12100E49C1D /* Info.plist */ = {isa = PBXFileReference; lastKnownFileType = text.plist.xml; path = Info.plist; sourceTree = "<group>"; };
		E69C1B2E1B65A1F300E49C1D /* start.txt */ = {isa = PBXFileReference; fileEncoding = 4; lastKnownFileType = text; name = start.txt; path = ../start.txt; sourceTree = "<group>"; };
/* End PBXFileReference section */

/* Begin PBXFrameworksBuildPhase section */
		E69C1B141B65A12100E49C1D /* Frameworks */ = {
			isa = PBXFrameworksBuildPhase;
			buildActionMask = 2147483647;
			files = (
			);
			runOnlyForDeploymentPostprocessing = 0;
		};
/* End PBXFrameworksBuildPhase section */

/* Begin PBXGroup section */
		E69C1B0E1B65A12100E49C1D = {
			isa = PBXGroup;
			children = (
				E69C1B191B65A12100E49C1D /* Anagrams */,
				E69C1B181B65A12100E49C1D /* Products */,
				E69079811B6686B0008434A5 /* 1.png */,
				E69079821B6686B9008434A5 /* 2.png */,
				E69079831B6686D4008434A5 /* 5.png */,
				E69079841B6686D4008434A5 /* 4.png */,
				E69079851B6686D4008434A5 /* 3.png */,
			);
			sourceTree = "<group>";
		};
		E69C1B181B65A12100E49C1D /* Products */ = {
			isa = PBXGroup;
			children = (
				E69C1B171B65A12100E49C1D /* Anagrams.app */,
			);
			name = Products;
			sourceTree = "<group>";
		};
		E69C1B191B65A12100E49C1D /* Anagrams */ = {
			isa = PBXGroup;
			children = (
				E69C1B1A1B65A12100E49C1D /* AppDelegate.swift */,
				E690797F1B665579008434A5 /* Array+Shuffling.swift */,
				E69C1B1C1B65A12100E49C1D /* MasterViewController.swift */,
				E69C1B1E1B65A12100E49C1D /* DetailViewController.swift */,
				E69C1B231B65A12100E49C1D /* Assets.xcassets */,
				E69C1B201B65A12100E49C1D /* Main.storyboard */,
				E69079861B66871F008434A5 /* README.md */,
				E69C1B251B65A12100E49C1D /* LaunchScreen.storyboard */,
				E69C1B2E1B65A1F300E49C1D /* start.txt */,
				E69C1B281B65A12100E49C1D /* Info.plist */,
			);
			path = Anagrams;
			sourceTree = "<group>";
		};
/* End PBXGroup section */

/* Begin PBXNativeTarget section */
		E69C1B161B65A12100E49C1D /* Anagrams */ = {
			isa = PBXNativeTarget;
			buildConfigurationList = E69C1B2B1B65A12100E49C1D /* Build configuration list for PBXNativeTarget "Anagrams" */;
			buildPhases = (
				E69C1B131B65A12100E49C1D /* Sources */,
				E69C1B141B65A12100E49C1D /* Frameworks */,
				E69C1B151B65A12100E49C1D /* Resources */,
			);
			buildRules = (
			);
			dependencies = (
			);
			name = Anagrams;
			productName = Anagrams;
			productReference = E69C1B171B65A12100E49C1D /* Anagrams.app */;
			productType = "com.apple.product-type.application";
		};
/* End PBXNativeTarget section */

/* Begin PBXProject section */
		E69C1B0F1B65A12100E49C1D /* Project object */ = {
			isa = PBXProject;
			attributes = {
				LastUpgradeCheck = 0700;
				ORGANIZATIONNAME = "Mac Bellingrath";
				TargetAttributes = {
					E69C1B161B65A12100E49C1D = {
						CreatedOnToolsVersion = 7.0;
					};
				};
			};
			buildConfigurationList = E69C1B121B65A12100E49C1D /* Build configuration list for PBXProject "Anagrams" */;
			compatibilityVersion = "Xcode 3.2";
			developmentRegion = English;
			hasScannedForEncodings = 0;
			knownRegions = (
				en,
				Base,
			);
			mainGroup = E69C1B0E1B65A12100E49C1D;
			productRefGroup = E69C1B181B65A12100E49C1D /* Products */;
			projectDirPath = "";
			projectRoot = "";
			targets = (
				E69C1B161B65A12100E49C1D /* Anagrams */,
			);
		};
/* End PBXProject section */

/* Begin PBXResourcesBuildPhase section */
		E69C1B151B65A12100E49C1D /* Resources */ = {
			isa = PBXResourcesBuildPhase;
			buildActionMask = 2147483647;
			files = (
				E69C1B271B65A12100E49C1D /* LaunchScreen.storyboard in Resources */,
				E69C1B2F1B65A1F300E49C1D /* start.txt in Resources */,
				E69C1B241B65A12100E49C1D /* Assets.xcassets in Resources */,
				E69C1B221B65A12100E49C1D /* Main.storyboard in Resources */,
			);
			runOnlyForDeploymentPostprocessing = 0;
		};
/* End PBXResourcesBuildPhase section */

/* Begin PBXSourcesBuildPhase section */
		E69C1B131B65A12100E49C1D /* Sources */ = {
			isa = PBXSourcesBuildPhase;
			buildActionMask = 2147483647;
			files = (
				E69079801B665579008434A5 /* Array+Shuffling.swift in Sources */,
				E69C1B1F1B65A12100E49C1D /* DetailViewController.swift in Sources */,
				E69C1B1D1B65A12100E49C1D /* MasterViewController.swift in Sources */,
				E69C1B1B1B65A12100E49C1D /* AppDelegate.swift in Sources */,
			);
			runOnlyForDeploymentPostprocessing = 0;
		};
/* End PBXSourcesBuildPhase section */

/* Begin PBXVariantGroup section */
		E69C1B201B65A12100E49C1D /* Main.storyboard */ = {
			isa = PBXVariantGroup;
			children = (
				E69C1B211B65A12100E49C1D /* Base */,
			);
			name = Main.storyboard;
			sourceTree = "<group>";
		};
		E69C1B251B65A12100E49C1D /* LaunchScreen.storyboard */ = {
			isa = PBXVariantGroup;
			children = (
				E69C1B261B65A12100E49C1D /* Base */,
			);
			name = LaunchScreen.storyboard;
			sourceTree = "<group>";
		};
/* End PBXVariantGroup section */

/* Begin XCBuildConfiguration section */
		E69C1B291B65A12100E49C1D /* Debug */ = {
			isa = XCBuildConfiguration;
			buildSettings = {
				ALWAYS_SEARCH_USER_PATHS = NO;
				CLANG_CXX_LANGUAGE_STANDARD = "gnu++0x";
				CLANG_CXX_LIBRARY = "libc++";
				CLANG_ENABLE_MODULES = YES;
				CLANG_ENABLE_OBJC_ARC = YES;
				CLANG_WARN_BOOL_CONVERSION = YES;
				CLANG_WARN_CONSTANT_CONVERSION = YES;
				CLANG_WARN_DIRECT_OBJC_ISA_USAGE = YES_ERROR;
				CLANG_WARN_EMPTY_BODY = YES;
				CLANG_WARN_ENUM_CONVERSION = YES;
				CLANG_WARN_INT_CONVERSION = YES;
				CLANG_WARN_OBJC_ROOT_CLASS = YES_ERROR;
				CLANG_WARN_UNREACHABLE_CODE = YES;
				CLANG_WARN__DUPLICATE_METHOD_MATCH = YES;
				"CODE_SIGN_IDENTITY[sdk=iphoneos*]" = "iPhone Developer";
				COPY_PHASE_STRIP = NO;
				DEBUG_INFORMATION_FORMAT = dwarf;
				ENABLE_STRICT_OBJC_MSGSEND = YES;
				ENABLE_TESTABILITY = YES;
				GCC_C_LANGUAGE_STANDARD = gnu99;
				GCC_DYNAMIC_NO_PIC = NO;
				GCC_NO_COMMON_BLOCKS = YES;
				GCC_OPTIMIZATION_LEVEL = 0;
				GCC_PREPROCESSOR_DEFINITIONS = (
					"DEBUG=1",
					"$(inherited)",
				);
				GCC_WARN_64_TO_32_BIT_CONVERSION = YES;
				GCC_WARN_ABOUT_RETURN_TYPE = YES_ERROR;
				GCC_WARN_UNDECLARED_SELECTOR = YES;
				GCC_WARN_UNINITIALIZED_AUTOS = YES_AGGRESSIVE;
				GCC_WARN_UNUSED_FUNCTION = YES;
				GCC_WARN_UNUSED_VARIABLE = YES;
				IPHONEOS_DEPLOYMENT_TARGET = 9.0;
				MTL_ENABLE_DEBUG_INFO = YES;
				ONLY_ACTIVE_ARCH = YES;
				SDKROOT = iphoneos;
				SWIFT_OPTIMIZATION_LEVEL = "-Onone";
			};
			name = Debug;
		};
		E69C1B2A1B65A12100E49C1D /* Release */ = {
			isa = XCBuildConfiguration;
			buildSettings = {
				ALWAYS_SEARCH_USER_PATHS = NO;
				CLANG_CXX_LANGUAGE_STANDARD = "gnu++0x";
				CLANG_CXX_LIBRARY = "libc++";
				CLANG_ENABLE_MODULES = YES;
				CLANG_ENABLE_OBJC_ARC = YES;
				CLANG_WARN_BOOL_CONVERSION = YES;
				CLANG_WARN_CONSTANT_CONVERSION = YES;
				CLANG_WARN_DIRECT_OBJC_ISA_USAGE = YES_ERROR;
				CLANG_WARN_EMPTY_BODY = YES;
				CLANG_WARN_ENUM_CONVERSION = YES;
				CLANG_WARN_INT_CONVERSION = YES;
				CLANG_WARN_OBJC_ROOT_CLASS = YES_ERROR;
				CLANG_WARN_UNREACHABLE_CODE = YES;
				CLANG_WARN__DUPLICATE_METHOD_MATCH = YES;
				"CODE_SIGN_IDENTITY[sdk=iphoneos*]" = "iPhone Developer";
				COPY_PHASE_STRIP = NO;
				DEBUG_INFORMATION_FORMAT = "dwarf-with-dsym";
				ENABLE_NS_ASSERTIONS = NO;
				ENABLE_STRICT_OBJC_MSGSEND = YES;
				GCC_C_LANGUAGE_STANDARD = gnu99;
				GCC_NO_COMMON_BLOCKS = YES;
				GCC_WARN_64_TO_32_BIT_CONVERSION = YES;
				GCC_WARN_ABOUT_RETURN_TYPE = YES_ERROR;
				GCC_WARN_UNDECLARED_SELECTOR = YES;
				GCC_WARN_UNINITIALIZED_AUTOS = YES_AGGRESSIVE;
				GCC_WARN_UNUSED_FUNCTION = YES;
				GCC_WARN_UNUSED_VARIABLE = YES;
				IPHONEOS_DEPLOYMENT_TARGET = 9.0;
				MTL_ENABLE_DEBUG_INFO = NO;
				SDKROOT = iphoneos;
				VALIDATE_PRODUCT = YES;
			};
			name = Release;
		};
		E69C1B2C1B65A12100E49C1D /* Debug */ = {
			isa = XCBuildConfiguration;
			buildSettings = {
				ASSETCATALOG_COMPILER_APPICON_NAME = AppIcon;
				INFOPLIST_FILE = Anagrams/Info.plist;
				LD_RUNPATH_SEARCH_PATHS = "$(inherited) @executable_path/Frameworks";
				PRODUCT_BUNDLE_IDENTIFIER = com.example.Anagrams;
				PRODUCT_NAME = "$(TARGET_NAME)";
			};
			name = Debug;
		};
		E69C1B2D1B65A12100E49C1D /* Release */ = {
			isa = XCBuildConfiguration;
			buildSettings = {
				ASSETCATALOG_COMPILER_APPICON_NAME = AppIcon;
				INFOPLIST_FILE = Anagrams/Info.plist;
				LD_RUNPATH_SEARCH_PATHS = "$(inherited) @executable_path/Frameworks";
				PRODUCT_BUNDLE_IDENTIFIER = com.example.Anagrams;
				PRODUCT_NAME = "$(TARGET_NAME)";
			};
			name = Release;
		};
/* End XCBuildConfiguration section */

/* Begin XCConfigurationList section */
		E69C1B121B65A12100E49C1D /* Build configuration list for PBXProject "Anagrams" */ = {
			isa = XCConfigurationList;
			buildConfigurations = (
				E69C1B291B65A12100E49C1D /* Debug */,
				E69C1B2A1B65A12100E49C1D /* Release */,
			);
			defaultConfigurationIsVisible = 0;
			defaultConfigurationName = Release;
		};
		E69C1B2B1B65A12100E49C1D /* Build configuration list for PBXNativeTarget "Anagrams" */ = {
			isa = XCConfigurationList;
			buildConfigurations = (
				E69C1B2C1B65A12100E49C1D /* Debug */,
				E69C1B2D1B65A12100E49C1D /* Release */,
			);
			defaultConfigurationIsVisible = 0;
			defaultConfigurationName = Release;
		};
/* End XCConfigurationList section */
	};
	rootObject = E69C1B0F1B65A12100E49C1D /* Project object */;
}
